
Microsoft Visual Studio Solution File, Format Version 12.00
# Visual Studio 15
VisualStudioVersion = 15.0.27703.2026
MinimumVisualStudioVersion = 10.0.40219.1
Project("{8BC9CEB8-8B4A-11D0-8D11-00A0C91BC942}") = "lab3", "lab3\lab3.vcxproj", "{7B30DC68-A3F8-4BDD-AFA6-AF3B442AD850}"
EndProject
Global
	GlobalSection(SolutionConfigurationPlatforms) = preSolution
		Debug|x64 = Debug|x64
		Debug|x86 = Debug|x86
		Release|x64 = Release|x64
		Release|x86 = Release|x86
	EndGlobalSection
	GlobalSection(ProjectConfigurationPlatforms) = postSolution
		{7B30DC68-A3F8-4BDD-AFA6-AF3B442AD850}.Debug|x64.ActiveCfg = Debug|x64
		{7B30DC68-A3F8-4BDD-AFA6-AF3B442AD850}.Debug|x64.Build.0 = Debug|x64
		{7B30DC68-A3F8-4BDD-AFA6-AF3B442AD850}.Debug|x86.ActiveCfg = Debug|Win32
		{7B30DC68-A3F8-4BDD-AFA6-AF3B442AD850}.Debug|x86.Build.0 = Debug|Win32
		{7B30DC68-A3F8-4BDD-AFA6-AF3B442AD850}.Release|x64.ActiveCfg = Release|x64
		{7B30DC68-A3F8-4BDD-AFA6-AF3B442AD850}.Release|x64.Build.0 = Release|x64
		{7B30DC68-A3F8-4BDD-AFA6-AF3B442AD850}.Release|x86.ActiveCfg = Release|Win32
		{7B30DC68-A3F8-4BDD-AFA6-AF3B442AD850}.Release|x86.Build.0 = Release|Win32
	EndGlobalSection
	GlobalSection(SolutionProperties) = preSolution
		HideSolutionNode = FALSE
	EndGlobalSection
	GlobalSection(ExtensibilityGlobals) = postSolution
		SolutionGuid = {A0B1DA5D-01C5-4852-AB3A-C8B7C9020F40}
	EndGlobalSection
EndGlobal
